
Microsoft Visual Studio Solution File, Format Version 12.00
# Visual Studio Version 17
VisualStudioVersion = 17.11.35312.102
MinimumVisualStudioVersion = 10.0.40219.1
Project("{2150E333-8FDC-42A3-9474-1A3956D46DE8}") = "Task0", "Task0", "{89714E55-1A8C-40EA-BEA4-04DDE80191F0}"
EndProject
Project("{9A19103F-16F7-4668-BE54-9A1E7A4F7556}") = "Tyuiu.DemchenkoAD.Sprint2.Task0.V12", "Tyuiu.DemchenkoAD.Sprint2.Task0.V12\Tyuiu.DemchenkoAD.Sprint2.Task0.V12.csproj", "{C8A6CD90-B733-4EA0-BF21-CA6EBB86FA79}"
EndProject
Project("{9A19103F-16F7-4668-BE54-9A1E7A4F7556}") = "Tyuiu.DemchenkoAD.Sprint2.Task0.V12.Lib", "Tyuiu.DemchenkoAD.Sprint2.Task0.V12.Lib\Tyuiu.DemchenkoAD.Sprint2.Task0.V12.Lib.csproj", "{A577256B-31F4-4808-BF91-FA175B082CC5}"
EndProject
Project("{9A19103F-16F7-4668-BE54-9A1E7A4F7556}") = "Tyuiu.DemchenkoAD.Sprint2.Task0.V12.Test", "Tyuiu.DemchenkoAD.Sprint2.Task0.V12.Test\Tyuiu.DemchenkoAD.Sprint2.Task0.V12.Test.csproj", "{D8BE40EA-FFA7-4367-810B-254465DFF72A}"
EndProject
Project("{2150E333-8FDC-42A3-9474-1A3956D46DE8}") = "Task1", "Task1", "{B67B4AED-71EE-49FB-A5C0-3247B9DDB884}"
EndProject
Project("{FAE04EC0-301F-11D3-BF4B-00C04F79EFBC}") = "Tyuiu.DemchenkoAD.Sprint2.Task1.V20", "Tyuiu.DemchenkoAD.Sprint2.Task1.V20\Tyuiu.DemchenkoAD.Sprint2.Task1.V20.csproj", "{00A27A61-C598-447C-A9AD-87F7E36D8761}"
EndProject
Project("{FAE04EC0-301F-11D3-BF4B-00C04F79EFBC}") = "Tyuiu.DemchenkoAD.Sprint2.Task1.V20.Lib", "Tyuiu.DemchenkoAD.Sprint2.Task1.V20.Lib\Tyuiu.DemchenkoAD.Sprint2.Task1.V20.Lib.csproj", "{072F3006-DF1E-4A86-AFC4-A561F7B78FBE}"
EndProject
Project("{FAE04EC0-301F-11D3-BF4B-00C04F79EFBC}") = "Tyuiu.DemchenkoAD.Sprint2.Task1.V20.Test", "Tyuiu.DemchenkoAD.Sprint2.Task1.V20.Test\Tyuiu.DemchenkoAD.Sprint2.Task1.V20.Test.csproj", "{2EDE2E9E-FD4B-417B-BB08-0373C93588E7}"
EndProject
Project("{2150E333-8FDC-42A3-9474-1A3956D46DE8}") = "Task2", "Task2", "{BFD3347D-88B2-4BE8-8DBB-4CAAD87A9AF6}"
EndProject
Project("{FAE04EC0-301F-11D3-BF4B-00C04F79EFBC}") = "Tyuiu.DemchenkoAD.Sprint2.Task2.V28", "Tyuiu.DemchenkoAD.Sprint2.Task2.V28\Tyuiu.DemchenkoAD.Sprint2.Task2.V28.csproj", "{DEA20031-D17A-44F6-9F08-FE512B076517}"
EndProject
Project("{FAE04EC0-301F-11D3-BF4B-00C04F79EFBC}") = "Tyuiu.DemchenkoAD.Sprint2.Task2.V28.Lib", "Tyuiu.DemchenkoAD.Sprint2.Task2.V28.Lib\Tyuiu.DemchenkoAD.Sprint2.Task2.V28.Lib.csproj", "{72980B98-5440-4DCE-96A8-C9FE808D835B}"
EndProject
Project("{FAE04EC0-301F-11D3-BF4B-00C04F79EFBC}") = "Tyuiu.DemchenkoAD.Sprint2.Task2.V28.Test", "Tyuiu.DemchenkoAD.Sprint2.Task2.V28.Test\Tyuiu.DemchenkoAD.Sprint2.Task2.V28.Test.csproj", "{DF5CCC13-2186-47AA-A2E5-529EB160AF05}"
EndProject
Project("{2150E333-8FDC-42A3-9474-1A3956D46DE8}") = "Task3", "Task3", "{630799AB-9FB7-44B9-B76F-5E9BBB39F608}"
EndProject
Project("{FAE04EC0-301F-11D3-BF4B-00C04F79EFBC}") = "Tyuiu.DemchenkoAD.Sprint2.Task3.V5", "Tyuiu.DemchenkoAD.Sprint2.Task3.V5\Tyuiu.DemchenkoAD.Sprint2.Task3.V5.csproj", "{7B3CBE5E-653B-4876-8968-FFC0B551FE7F}"
EndProject
Project("{FAE04EC0-301F-11D3-BF4B-00C04F79EFBC}") = "Tyuiu.DemchenkoAD.Sprint2.Task3.V5.Lib", "Tyuiu.DemchenkoAD.Sprint2.Task3.V5.Lib\Tyuiu.DemchenkoAD.Sprint2.Task3.V5.Lib.csproj", "{DCD35D13-F8D7-4A7B-8184-43905DA1871B}"
EndProject
Project("{FAE04EC0-301F-11D3-BF4B-00C04F79EFBC}") = "Tyuiu.DemchenkoAD.Sprint2.Task3.V5.Test", "Tyuiu.DemchenkoAD.Sprint2.Task3.V5.Test\Tyuiu.DemchenkoAD.Sprint2.Task3.V5.Test.csproj", "{9070E02C-AC99-4B2C-960A-AE7747D9041D}"
EndProject
Project("{2150E333-8FDC-42A3-9474-1A3956D46DE8}") = "Task4", "Task4", "{33F6CA1B-838B-4720-B223-066CF928CC8E}"
EndProject
Project("{FAE04EC0-301F-11D3-BF4B-00C04F79EFBC}") = "Tyuiu.DemchenkoAD.Sprint2.Task4.V12", "Tyuiu.DemchenkoAD.Sprint2.Task4.V12\Tyuiu.DemchenkoAD.Sprint2.Task4.V12.csproj", "{DF5332A2-957E-43BA-8190-F52CA2917ACD}"
EndProject
Project("{FAE04EC0-301F-11D3-BF4B-00C04F79EFBC}") = "Tyuiu.DemchenkoAD.Sprint2.Task4.V12.Lib", "Tyuiu.DemchenkoAD.Sprint2.Task4.V12.Lib\Tyuiu.DemchenkoAD.Sprint2.Task4.V12.Lib.csproj", "{63C98AC6-E0BE-43D9-B450-629C2BB042F2}"
EndProject
Project("{FAE04EC0-301F-11D3-BF4B-00C04F79EFBC}") = "Tyuiu.DemchenkoAD.Sprint2.Task4.V12.Test", "Tyuiu.DemchenkoAD.Sprint2.Task4.V12.Test\Tyuiu.DemchenkoAD.Sprint2.Task4.V12.Test.csproj", "{54B44CFF-1376-4ABA-AF02-3412A3023BB7}"
EndProject
Project("{2150E333-8FDC-42A3-9474-1A3956D46DE8}") = "Task5", "Task5", "{0AB442D6-7F1E-4F17-BB0F-751741D6F189}"
EndProject
Project("{FAE04EC0-301F-11D3-BF4B-00C04F79EFBC}") = "Tyuiu.DemchenkoAD.Sprint2.Task5.V9", "Tyuiu.DemchenkoAD.Sprint2.Task5.V9\Tyuiu.DemchenkoAD.Sprint2.Task5.V9.csproj", "{DE84BA1E-EBB6-491E-8AC6-6DE0611D5946}"
EndProject
Project("{FAE04EC0-301F-11D3-BF4B-00C04F79EFBC}") = "Tyuiu.DemchenkoAD.Sprint2.Task5.V9.Lib", "Tyuiu.DemchenkoAD.Sprint2.Task5.V9.Lib\Tyuiu.DemchenkoAD.Sprint2.Task5.V9.Lib.csproj", "{0DBA3C83-6422-48BF-BF9F-CEEC025B11A4}"
EndProject
Project("{FAE04EC0-301F-11D3-BF4B-00C04F79EFBC}") = "Tyuiu.DemchenkoAD.Sprint2.Task5.V9.Test", "Tyuiu.DemchenkoAD.Sprint2.Task5.V9.Test\Tyuiu.DemchenkoAD.Sprint2.Task5.V9.Test.csproj", "{51A4799E-75F3-4CD0-8015-643E3A9F34C1}"
EndProject
Project("{2150E333-8FDC-42A3-9474-1A3956D46DE8}") = "Task6", "Task6", "{6E800A53-DEDF-4074-A178-F662441BA0D9}"
EndProject
Project("{FAE04EC0-301F-11D3-BF4B-00C04F79EFBC}") = "Tyuiu.DemchenkoAD.Sprint2.Task6.V11", "Tyuiu.DemchenkoAD.Sprint2.Task6.V11\Tyuiu.DemchenkoAD.Sprint2.Task6.V11.csproj", "{C0F1A009-E1ED-4597-AF02-20A8DB356CB9}"
EndProject
Project("{FAE04EC0-301F-11D3-BF4B-00C04F79EFBC}") = "Tyuiu.DemchenkoAD.Sprint2.Task6.V11.Lib", "Tyuiu.DemchenkoAD.Sprint2.Task6.V11.Lib\Tyuiu.DemchenkoAD.Sprint2.Task6.V11.Lib.csproj", "{4F76BD39-7528-425D-B6ED-35A0E1B6214D}"
EndProject
Project("{FAE04EC0-301F-11D3-BF4B-00C04F79EFBC}") = "Tyuiu.DemchenkoAD.Sprint2.Task6.V11.Test", "Tyuiu.DemchenkoAD.Sprint2.Task6.V11.Test\Tyuiu.DemchenkoAD.Sprint2.Task6.V11.Test.csproj", "{9D574965-E3BD-4700-BCF2-2B06C3F3C6DB}"
EndProject
Project("{2150E333-8FDC-42A3-9474-1A3956D46DE8}") = "Task7", "Task7", "{5095116D-6602-43B2-BF47-4EB51C9C553F}"
EndProject
Project("{FAE04EC0-301F-11D3-BF4B-00C04F79EFBC}") = "Tyuiu.DemchenkoAD.Sprint2.Task7.V12", "Tyuiu.DemchenkoAD.Sprint2.Task7.V12\Tyuiu.DemchenkoAD.Sprint2.Task7.V12.csproj", "{6899A8FF-94CB-474F-ACAD-4618A10CA0EA}"
EndProject
Project("{FAE04EC0-301F-11D3-BF4B-00C04F79EFBC}") = "Tyuiu.DemchenkoAD.Sprint2.Task7.V12.Lib", "Tyuiu.DemchenkoAD.Sprint2.Task7.V12.Lib\Tyuiu.DemchenkoAD.Sprint2.Task7.V12.Lib.csproj", "{44D62F41-DB76-4871-A9E1-3FAD8074DB06}"
EndProject
Project("{FAE04EC0-301F-11D3-BF4B-00C04F79EFBC}") = "Tyuiu.DemchenkoAD.Sprint2.Task7.V12.Test", "Tyuiu.DemchenkoAD.Sprint2.Task7.V12.Test\Tyuiu.DemchenkoAD.Sprint2.Task7.V12.Test.csproj", "{D9BDD46D-35DA-492A-9059-447EE2A61843}"
EndProject
Global
	GlobalSection(SolutionConfigurationPlatforms) = preSolution
		Debug|Any CPU = Debug|Any CPU
		Release|Any CPU = Release|Any CPU
	EndGlobalSection
	GlobalSection(ProjectConfigurationPlatforms) = postSolution
		{C8A6CD90-B733-4EA0-BF21-CA6EBB86FA79}.Debug|Any CPU.ActiveCfg = Debug|Any CPU
		{C8A6CD90-B733-4EA0-BF21-CA6EBB86FA79}.Debug|Any CPU.Build.0 = Debug|Any CPU
		{C8A6CD90-B733-4EA0-BF21-CA6EBB86FA79}.Release|Any CPU.ActiveCfg = Release|Any CPU
		{C8A6CD90-B733-4EA0-BF21-CA6EBB86FA79}.Release|Any CPU.Build.0 = Release|Any CPU
		{A577256B-31F4-4808-BF91-FA175B082CC5}.Debug|Any CPU.ActiveCfg = Debug|Any CPU
		{A577256B-31F4-4808-BF91-FA175B082CC5}.Debug|Any CPU.Build.0 = Debug|Any CPU
		{A577256B-31F4-4808-BF91-FA175B082CC5}.Release|Any CPU.ActiveCfg = Release|Any CPU
		{A577256B-31F4-4808-BF91-FA175B082CC5}.Release|Any CPU.Build.0 = Release|Any CPU
		{D8BE40EA-FFA7-4367-810B-254465DFF72A}.Debug|Any CPU.ActiveCfg = Debug|Any CPU
		{D8BE40EA-FFA7-4367-810B-254465DFF72A}.Debug|Any CPU.Build.0 = Debug|Any CPU
		{D8BE40EA-FFA7-4367-810B-254465DFF72A}.Release|Any CPU.ActiveCfg = Release|Any CPU
		{D8BE40EA-FFA7-4367-810B-254465DFF72A}.Release|Any CPU.Build.0 = Release|Any CPU
		{00A27A61-C598-447C-A9AD-87F7E36D8761}.Debug|Any CPU.ActiveCfg = Debug|Any CPU
		{00A27A61-C598-447C-A9AD-87F7E36D8761}.Debug|Any CPU.Build.0 = Debug|Any CPU
		{00A27A61-C598-447C-A9AD-87F7E36D8761}.Release|Any CPU.ActiveCfg = Release|Any CPU
		{00A27A61-C598-447C-A9AD-87F7E36D8761}.Release|Any CPU.Build.0 = Release|Any CPU
		{072F3006-DF1E-4A86-AFC4-A561F7B78FBE}.Debug|Any CPU.ActiveCfg = Debug|Any CPU
		{072F3006-DF1E-4A86-AFC4-A561F7B78FBE}.Debug|Any CPU.Build.0 = Debug|Any CPU
		{072F3006-DF1E-4A86-AFC4-A561F7B78FBE}.Release|Any CPU.ActiveCfg = Release|Any CPU
		{072F3006-DF1E-4A86-AFC4-A561F7B78FBE}.Release|Any CPU.Build.0 = Release|Any CPU
		{2EDE2E9E-FD4B-417B-BB08-0373C93588E7}.Debug|Any CPU.ActiveCfg = Debug|Any CPU
		{2EDE2E9E-FD4B-417B-BB08-0373C93588E7}.Debug|Any CPU.Build.0 = Debug|Any CPU
		{2EDE2E9E-FD4B-417B-BB08-0373C93588E7}.Release|Any CPU.ActiveCfg = Release|Any CPU
		{2EDE2E9E-FD4B-417B-BB08-0373C93588E7}.Release|Any CPU.Build.0 = Release|Any CPU
		{DEA20031-D17A-44F6-9F08-FE512B076517}.Debug|Any CPU.ActiveCfg = Debug|Any CPU
		{DEA20031-D17A-44F6-9F08-FE512B076517}.Debug|Any CPU.Build.0 = Debug|Any CPU
		{DEA20031-D17A-44F6-9F08-FE512B076517}.Release|Any CPU.ActiveCfg = Release|Any CPU
		{DEA20031-D17A-44F6-9F08-FE512B076517}.Release|Any CPU.Build.0 = Release|Any CPU
		{72980B98-5440-4DCE-96A8-C9FE808D835B}.Debug|Any CPU.ActiveCfg = Debug|Any CPU
		{72980B98-5440-4DCE-96A8-C9FE808D835B}.Debug|Any CPU.Build.0 = Debug|Any CPU
		{72980B98-5440-4DCE-96A8-C9FE808D835B}.Release|Any CPU.ActiveCfg = Release|Any CPU
		{72980B98-5440-4DCE-96A8-C9FE808D835B}.Release|Any CPU.Build.0 = Release|Any CPU
		{DF5CCC13-2186-47AA-A2E5-529EB160AF05}.Debug|Any CPU.ActiveCfg = Debug|Any CPU
		{DF5CCC13-2186-47AA-A2E5-529EB160AF05}.Debug|Any CPU.Build.0 = Debug|Any CPU
		{DF5CCC13-2186-47AA-A2E5-529EB160AF05}.Release|Any CPU.ActiveCfg = Release|Any CPU
		{DF5CCC13-2186-47AA-A2E5-529EB160AF05}.Release|Any CPU.Build.0 = Release|Any CPU
		{7B3CBE5E-653B-4876-8968-FFC0B551FE7F}.Debug|Any CPU.ActiveCfg = Debug|Any CPU
		{7B3CBE5E-653B-4876-8968-FFC0B551FE7F}.Debug|Any CPU.Build.0 = Debug|Any CPU
		{7B3CBE5E-653B-4876-8968-FFC0B551FE7F}.Release|Any CPU.ActiveCfg = Release|Any CPU
		{7B3CBE5E-653B-4876-8968-FFC0B551FE7F}.Release|Any CPU.Build.0 = Release|Any CPU
		{DCD35D13-F8D7-4A7B-8184-43905DA1871B}.Debug|Any CPU.ActiveCfg = Debug|Any CPU
		{DCD35D13-F8D7-4A7B-8184-43905DA1871B}.Debug|Any CPU.Build.0 = Debug|Any CPU
		{DCD35D13-F8D7-4A7B-8184-43905DA1871B}.Release|Any CPU.ActiveCfg = Release|Any CPU
		{DCD35D13-F8D7-4A7B-8184-43905DA1871B}.Release|Any CPU.Build.0 = Release|Any CPU
		{9070E02C-AC99-4B2C-960A-AE7747D9041D}.Debug|Any CPU.ActiveCfg = Debug|Any CPU
		{9070E02C-AC99-4B2C-960A-AE7747D9041D}.Debug|Any CPU.Build.0 = Debug|Any CPU
		{9070E02C-AC99-4B2C-960A-AE7747D9041D}.Release|Any CPU.ActiveCfg = Release|Any CPU
		{9070E02C-AC99-4B2C-960A-AE7747D9041D}.Release|Any CPU.Build.0 = Release|Any CPU
		{DF5332A2-957E-43BA-8190-F52CA2917ACD}.Debug|Any CPU.ActiveCfg = Debug|Any CPU
		{DF5332A2-957E-43BA-8190-F52CA2917ACD}.Debug|Any CPU.Build.0 = Debug|Any CPU
		{DF5332A2-957E-43BA-8190-F52CA2917ACD}.Release|Any CPU.ActiveCfg = Release|Any CPU
		{DF5332A2-957E-43BA-8190-F52CA2917ACD}.Release|Any CPU.Build.0 = Release|Any CPU
		{63C98AC6-E0BE-43D9-B450-629C2BB042F2}.Debug|Any CPU.ActiveCfg = Debug|Any CPU
		{63C98AC6-E0BE-43D9-B450-629C2BB042F2}.Debug|Any CPU.Build.0 = Debug|Any CPU
		{63C98AC6-E0BE-43D9-B450-629C2BB042F2}.Release|Any CPU.ActiveCfg = Release|Any CPU
		{63C98AC6-E0BE-43D9-B450-629C2BB042F2}.Release|Any CPU.Build.0 = Release|Any CPU
		{54B44CFF-1376-4ABA-AF02-3412A3023BB7}.Debug|Any CPU.ActiveCfg = Debug|Any CPU
		{54B44CFF-1376-4ABA-AF02-3412A3023BB7}.Debug|Any CPU.Build.0 = Debug|Any CPU
		{54B44CFF-1376-4ABA-AF02-3412A3023BB7}.Release|Any CPU.ActiveCfg = Release|Any CPU
		{54B44CFF-1376-4ABA-AF02-3412A3023BB7}.Release|Any CPU.Build.0 = Release|Any CPU
		{DE84BA1E-EBB6-491E-8AC6-6DE0611D5946}.Debug|Any CPU.ActiveCfg = Debug|Any CPU
		{DE84BA1E-EBB6-491E-8AC6-6DE0611D5946}.Debug|Any CPU.Build.0 = Debug|Any CPU
		{DE84BA1E-EBB6-491E-8AC6-6DE0611D5946}.Release|Any CPU.ActiveCfg = Release|Any CPU
		{DE84BA1E-EBB6-491E-8AC6-6DE0611D5946}.Release|Any CPU.Build.0 = Release|Any CPU
		{0DBA3C83-6422-48BF-BF9F-CEEC025B11A4}.Debug|Any CPU.ActiveCfg = Debug|Any CPU
		{0DBA3C83-6422-48BF-BF9F-CEEC025B11A4}.Debug|Any CPU.Build.0 = Debug|Any CPU
		{0DBA3C83-6422-48BF-BF9F-CEEC025B11A4}.Release|Any CPU.ActiveCfg = Release|Any CPU
		{0DBA3C83-6422-48BF-BF9F-CEEC025B11A4}.Release|Any CPU.Build.0 = Release|Any CPU
		{51A4799E-75F3-4CD0-8015-643E3A9F34C1}.Debug|Any CPU.ActiveCfg = Debug|Any CPU
		{51A4799E-75F3-4CD0-8015-643E3A9F34C1}.Debug|Any CPU.Build.0 = Debug|Any CPU
		{51A4799E-75F3-4CD0-8015-643E3A9F34C1}.Release|Any CPU.ActiveCfg = Release|Any CPU
		{51A4799E-75F3-4CD0-8015-643E3A9F34C1}.Release|Any CPU.Build.0 = Release|Any CPU
		{C0F1A009-E1ED-4597-AF02-20A8DB356CB9}.Debug|Any CPU.ActiveCfg = Debug|Any CPU
		{C0F1A009-E1ED-4597-AF02-20A8DB356CB9}.Debug|Any CPU.Build.0 = Debug|Any CPU
		{C0F1A009-E1ED-4597-AF02-20A8DB356CB9}.Release|Any CPU.ActiveCfg = Release|Any CPU
		{C0F1A009-E1ED-4597-AF02-20A8DB356CB9}.Release|Any CPU.Build.0 = Release|Any CPU
		{4F76BD39-7528-425D-B6ED-35A0E1B6214D}.Debug|Any CPU.ActiveCfg = Debug|Any CPU
		{4F76BD39-7528-425D-B6ED-35A0E1B6214D}.Debug|Any CPU.Build.0 = Debug|Any CPU
		{4F76BD39-7528-425D-B6ED-35A0E1B6214D}.Release|Any CPU.ActiveCfg = Release|Any CPU
		{4F76BD39-7528-425D-B6ED-35A0E1B6214D}.Release|Any CPU.Build.0 = Release|Any CPU
		{9D574965-E3BD-4700-BCF2-2B06C3F3C6DB}.Debug|Any CPU.ActiveCfg = Debug|Any CPU
		{9D574965-E3BD-4700-BCF2-2B06C3F3C6DB}.Debug|Any CPU.Build.0 = Debug|Any CPU
		{9D574965-E3BD-4700-BCF2-2B06C3F3C6DB}.Release|Any CPU.ActiveCfg = Release|Any CPU
		{9D574965-E3BD-4700-BCF2-2B06C3F3C6DB}.Release|Any CPU.Build.0 = Release|Any CPU
		{6899A8FF-94CB-474F-ACAD-4618A10CA0EA}.Debug|Any CPU.ActiveCfg = Debug|Any CPU
		{6899A8FF-94CB-474F-ACAD-4618A10CA0EA}.Debug|Any CPU.Build.0 = Debug|Any CPU
		{6899A8FF-94CB-474F-ACAD-4618A10CA0EA}.Release|Any CPU.ActiveCfg = Release|Any CPU
		{6899A8FF-94CB-474F-ACAD-4618A10CA0EA}.Release|Any CPU.Build.0 = Release|Any CPU
		{44D62F41-DB76-4871-A9E1-3FAD8074DB06}.Debug|Any CPU.ActiveCfg = Debug|Any CPU
		{44D62F41-DB76-4871-A9E1-3FAD8074DB06}.Debug|Any CPU.Build.0 = Debug|Any CPU
		{44D62F41-DB76-4871-A9E1-3FAD8074DB06}.Release|Any CPU.ActiveCfg = Release|Any CPU
		{44D62F41-DB76-4871-A9E1-3FAD8074DB06}.Release|Any CPU.Build.0 = Release|Any CPU
		{D9BDD46D-35DA-492A-9059-447EE2A61843}.Debug|Any CPU.ActiveCfg = Debug|Any CPU
		{D9BDD46D-35DA-492A-9059-447EE2A61843}.Debug|Any CPU.Build.0 = Debug|Any CPU
		{D9BDD46D-35DA-492A-9059-447EE2A61843}.Release|Any CPU.ActiveCfg = Release|Any CPU
		{D9BDD46D-35DA-492A-9059-447EE2A61843}.Release|Any CPU.Build.0 = Release|Any CPU
	EndGlobalSection
	GlobalSection(SolutionProperties) = preSolution
		HideSolutionNode = FALSE
	EndGlobalSection
	GlobalSection(NestedProjects) = preSolution
		{C8A6CD90-B733-4EA0-BF21-CA6EBB86FA79} = {89714E55-1A8C-40EA-BEA4-04DDE80191F0}
		{A577256B-31F4-4808-BF91-FA175B082CC5} = {89714E55-1A8C-40EA-BEA4-04DDE80191F0}
		{D8BE40EA-FFA7-4367-810B-254465DFF72A} = {89714E55-1A8C-40EA-BEA4-04DDE80191F0}
		{00A27A61-C598-447C-A9AD-87F7E36D8761} = {B67B4AED-71EE-49FB-A5C0-3247B9DDB884}
		{072F3006-DF1E-4A86-AFC4-A561F7B78FBE} = {B67B4AED-71EE-49FB-A5C0-3247B9DDB884}
		{2EDE2E9E-FD4B-417B-BB08-0373C93588E7} = {B67B4AED-71EE-49FB-A5C0-3247B9DDB884}
		{DEA20031-D17A-44F6-9F08-FE512B076517} = {BFD3347D-88B2-4BE8-8DBB-4CAAD87A9AF6}
		{72980B98-5440-4DCE-96A8-C9FE808D835B} = {BFD3347D-88B2-4BE8-8DBB-4CAAD87A9AF6}
		{DF5CCC13-2186-47AA-A2E5-529EB160AF05} = {BFD3347D-88B2-4BE8-8DBB-4CAAD87A9AF6}
		{7B3CBE5E-653B-4876-8968-FFC0B551FE7F} = {630799AB-9FB7-44B9-B76F-5E9BBB39F608}
		{DCD35D13-F8D7-4A7B-8184-43905DA1871B} = {630799AB-9FB7-44B9-B76F-5E9BBB39F608}
		{9070E02C-AC99-4B2C-960A-AE7747D9041D} = {630799AB-9FB7-44B9-B76F-5E9BBB39F608}
		{DF5332A2-957E-43BA-8190-F52CA2917ACD} = {33F6CA1B-838B-4720-B223-066CF928CC8E}
		{63C98AC6-E0BE-43D9-B450-629C2BB042F2} = {33F6CA1B-838B-4720-B223-066CF928CC8E}
		{54B44CFF-1376-4ABA-AF02-3412A3023BB7} = {33F6CA1B-838B-4720-B223-066CF928CC8E}
		{DE84BA1E-EBB6-491E-8AC6-6DE0611D5946} = {0AB442D6-7F1E-4F17-BB0F-751741D6F189}
		{0DBA3C83-6422-48BF-BF9F-CEEC025B11A4} = {0AB442D6-7F1E-4F17-BB0F-751741D6F189}
		{51A4799E-75F3-4CD0-8015-643E3A9F34C1} = {0AB442D6-7F1E-4F17-BB0F-751741D6F189}
		{C0F1A009-E1ED-4597-AF02-20A8DB356CB9} = {6E800A53-DEDF-4074-A178-F662441BA0D9}
		{4F76BD39-7528-425D-B6ED-35A0E1B6214D} = {6E800A53-DEDF-4074-A178-F662441BA0D9}
		{9D574965-E3BD-4700-BCF2-2B06C3F3C6DB} = {6E800A53-DEDF-4074-A178-F662441BA0D9}
		{6899A8FF-94CB-474F-ACAD-4618A10CA0EA} = {5095116D-6602-43B2-BF47-4EB51C9C553F}
		{44D62F41-DB76-4871-A9E1-3FAD8074DB06} = {5095116D-6602-43B2-BF47-4EB51C9C553F}
		{D9BDD46D-35DA-492A-9059-447EE2A61843} = {5095116D-6602-43B2-BF47-4EB51C9C553F}
	EndGlobalSection
	GlobalSection(ExtensibilityGlobals) = postSolution
		SolutionGuid = {A1AB07AC-A983-44C0-8B7C-1B49BE801D4E}
	EndGlobalSection
EndGlobal
